
Microsoft Visual Studio Solution File, Format Version 12.00
Project("{FAE04EC0-301F-11D3-BF4B-00C04F79EFBC}") = "WebApplication1", "WebApplication1\WebApplication1.csproj", "{BF549F9C-E613-4E25-8BED-B36F57F4FDA3}"
EndProject
Global
	GlobalSection(SolutionConfigurationPlatforms) = preSolution
		Debug|Any CPU = Debug|Any CPU
		Release|Any CPU = Release|Any CPU
	EndGlobalSection
	GlobalSection(ProjectConfigurationPlatforms) = postSolution
		{BF549F9C-E613-4E25-8BED-B36F57F4FDA3}.Debug|Any CPU.ActiveCfg = Debug|Any CPU
		{BF549F9C-E613-4E25-8BED-B36F57F4FDA3}.Debug|Any CPU.Build.0 = Debug|Any CPU
		{BF549F9C-E613-4E25-8BED-B36F57F4FDA3}.Release|Any CPU.ActiveCfg = Release|Any CPU
		{BF549F9C-E613-4E25-8BED-B36F57F4FDA3}.Release|Any CPU.Build.0 = Release|Any CPU
	EndGlobalSection
EndGlobal
